
Microsoft Visual Studio Solution File, Format Version 12.00
# Visual Studio Version 17
VisualStudioVersion = 17.0.31903.59
MinimumVisualStudioVersion = 10.0.40219.1
Project("{2150E333-8FDC-42A3-9474-1A3956D46DE8}") = "src", "src", "{827E0CD3-B72D-47B6-A68D-7590B98EB39B}"
EndProject
Project("{FAE04EC0-301F-11D3-BF4B-00C04F79EFBC}") = "OrderService", "src\OrderService\OrderService.csproj", "{6FB84663-7775-457B-B7C0-3D51853E4004}"
EndProject
Project("{FAE04EC0-301F-11D3-BF4B-00C04F79EFBC}") = "Shared.Contracts", "src\Shared.Contracts\Shared.Contracts.csproj", "{1C6308AD-AC81-483F-8DC9-F25047967479}"
EndProject
Project("{FAE04EC0-301F-11D3-BF4B-00C04F79EFBC}") = "PaymentService", "src\PaymentService\PaymentService.csproj", "{FF603892-E693-4156-8701-E5524259B9D8}"
EndProject
Project("{FAE04EC0-301F-11D3-BF4B-00C04F79EFBC}") = "NotificationService", "src\NotificationService\NotificationService.csproj", "{4E5ADF23-CF6E-4405-8BEB-D8950A68A63B}"
EndProject
Project("{2150E333-8FDC-42A3-9474-1A3956D46DE8}") = "tests", "tests", "{0AB3BF05-4346-4AA6-1389-037BE0695223}"
EndProject
Project("{FAE04EC0-301F-11D3-BF4B-00C04F79EFBC}") = "OrderServiceTests", "tests\OrderServiceTests\OrderServiceTests.csproj", "{FE1D88F5-5C77-411B-8DE0-810A57D20951}"
EndProject
Project("{FAE04EC0-301F-11D3-BF4B-00C04F79EFBC}") = "PaymentServiceTests", "tests\PaymentServiceTests\PaymentServiceTests.csproj", "{2ADBECFB-B76B-4648-9AB9-ACFD36B836DC}"
EndProject
Project("{FAE04EC0-301F-11D3-BF4B-00C04F79EFBC}") = "NotificationServiceTests", "tests\NotificationServiceTests\NotificationServiceTests.csproj", "{C64EA49D-606F-425D-9865-9E6A8B8E6B7F}"
EndProject
Global
	GlobalSection(SolutionConfigurationPlatforms) = preSolution
		Debug|Any CPU = Debug|Any CPU
		Debug|x64 = Debug|x64
		Debug|x86 = Debug|x86
		Release|Any CPU = Release|Any CPU
		Release|x64 = Release|x64
		Release|x86 = Release|x86
	EndGlobalSection
	GlobalSection(ProjectConfigurationPlatforms) = postSolution
		{6FB84663-7775-457B-B7C0-3D51853E4004}.Debug|Any CPU.ActiveCfg = Debug|Any CPU
		{6FB84663-7775-457B-B7C0-3D51853E4004}.Debug|Any CPU.Build.0 = Debug|Any CPU
		{6FB84663-7775-457B-B7C0-3D51853E4004}.Debug|x64.ActiveCfg = Debug|Any CPU
		{6FB84663-7775-457B-B7C0-3D51853E4004}.Debug|x64.Build.0 = Debug|Any CPU
		{6FB84663-7775-457B-B7C0-3D51853E4004}.Debug|x86.ActiveCfg = Debug|Any CPU
		{6FB84663-7775-457B-B7C0-3D51853E4004}.Debug|x86.Build.0 = Debug|Any CPU
		{6FB84663-7775-457B-B7C0-3D51853E4004}.Release|Any CPU.ActiveCfg = Release|Any CPU
		{6FB84663-7775-457B-B7C0-3D51853E4004}.Release|Any CPU.Build.0 = Release|Any CPU
		{6FB84663-7775-457B-B7C0-3D51853E4004}.Release|x64.ActiveCfg = Release|Any CPU
		{6FB84663-7775-457B-B7C0-3D51853E4004}.Release|x64.Build.0 = Release|Any CPU
		{6FB84663-7775-457B-B7C0-3D51853E4004}.Release|x86.ActiveCfg = Release|Any CPU
		{6FB84663-7775-457B-B7C0-3D51853E4004}.Release|x86.Build.0 = Release|Any CPU
		{1C6308AD-AC81-483F-8DC9-F25047967479}.Debug|Any CPU.ActiveCfg = Debug|Any CPU
		{1C6308AD-AC81-483F-8DC9-F25047967479}.Debug|Any CPU.Build.0 = Debug|Any CPU
		{1C6308AD-AC81-483F-8DC9-F25047967479}.Debug|x64.ActiveCfg = Debug|Any CPU
		{1C6308AD-AC81-483F-8DC9-F25047967479}.Debug|x64.Build.0 = Debug|Any CPU
		{1C6308AD-AC81-483F-8DC9-F25047967479}.Debug|x86.ActiveCfg = Debug|Any CPU
		{1C6308AD-AC81-483F-8DC9-F25047967479}.Debug|x86.Build.0 = Debug|Any CPU
		{1C6308AD-AC81-483F-8DC9-F25047967479}.Release|Any CPU.ActiveCfg = Release|Any CPU
		{1C6308AD-AC81-483F-8DC9-F25047967479}.Release|Any CPU.Build.0 = Release|Any CPU
		{1C6308AD-AC81-483F-8DC9-F25047967479}.Release|x64.ActiveCfg = Release|Any CPU
		{1C6308AD-AC81-483F-8DC9-F25047967479}.Release|x64.Build.0 = Release|Any CPU
		{1C6308AD-AC81-483F-8DC9-F25047967479}.Release|x86.ActiveCfg = Release|Any CPU
		{1C6308AD-AC81-483F-8DC9-F25047967479}.Release|x86.Build.0 = Release|Any CPU
		{FF603892-E693-4156-8701-E5524259B9D8}.Debug|Any CPU.ActiveCfg = Debug|Any CPU
		{FF603892-E693-4156-8701-E5524259B9D8}.Debug|Any CPU.Build.0 = Debug|Any CPU
		{FF603892-E693-4156-8701-E5524259B9D8}.Debug|x64.ActiveCfg = Debug|Any CPU
		{FF603892-E693-4156-8701-E5524259B9D8}.Debug|x64.Build.0 = Debug|Any CPU
		{FF603892-E693-4156-8701-E5524259B9D8}.Debug|x86.ActiveCfg = Debug|Any CPU
		{FF603892-E693-4156-8701-E5524259B9D8}.Debug|x86.Build.0 = Debug|Any CPU
		{FF603892-E693-4156-8701-E5524259B9D8}.Release|Any CPU.ActiveCfg = Release|Any CPU
		{FF603892-E693-4156-8701-E5524259B9D8}.Release|Any CPU.Build.0 = Release|Any CPU
		{FF603892-E693-4156-8701-E5524259B9D8}.Release|x64.ActiveCfg = Release|Any CPU
		{FF603892-E693-4156-8701-E5524259B9D8}.Release|x64.Build.0 = Release|Any CPU
		{FF603892-E693-4156-8701-E5524259B9D8}.Release|x86.ActiveCfg = Release|Any CPU
		{FF603892-E693-4156-8701-E5524259B9D8}.Release|x86.Build.0 = Release|Any CPU
		{4E5ADF23-CF6E-4405-8BEB-D8950A68A63B}.Debug|Any CPU.ActiveCfg = Debug|Any CPU
		{4E5ADF23-CF6E-4405-8BEB-D8950A68A63B}.Debug|Any CPU.Build.0 = Debug|Any CPU
		{4E5ADF23-CF6E-4405-8BEB-D8950A68A63B}.Debug|x64.ActiveCfg = Debug|Any CPU
		{4E5ADF23-CF6E-4405-8BEB-D8950A68A63B}.Debug|x64.Build.0 = Debug|Any CPU
		{4E5ADF23-CF6E-4405-8BEB-D8950A68A63B}.Debug|x86.ActiveCfg = Debug|Any CPU
		{4E5ADF23-CF6E-4405-8BEB-D8950A68A63B}.Debug|x86.Build.0 = Debug|Any CPU
		{4E5ADF23-CF6E-4405-8BEB-D8950A68A63B}.Release|Any CPU.ActiveCfg = Release|Any CPU
		{4E5ADF23-CF6E-4405-8BEB-D8950A68A63B}.Release|Any CPU.Build.0 = Release|Any CPU
		{4E5ADF23-CF6E-4405-8BEB-D8950A68A63B}.Release|x64.ActiveCfg = Release|Any CPU
		{4E5ADF23-CF6E-4405-8BEB-D8950A68A63B}.Release|x64.Build.0 = Release|Any CPU
		{4E5ADF23-CF6E-4405-8BEB-D8950A68A63B}.Release|x86.ActiveCfg = Release|Any CPU
		{4E5ADF23-CF6E-4405-8BEB-D8950A68A63B}.Release|x86.Build.0 = Release|Any CPU
		{FE1D88F5-5C77-411B-8DE0-810A57D20951}.Debug|Any CPU.ActiveCfg = Debug|Any CPU
		{FE1D88F5-5C77-411B-8DE0-810A57D20951}.Debug|Any CPU.Build.0 = Debug|Any CPU
		{FE1D88F5-5C77-411B-8DE0-810A57D20951}.Debug|x64.ActiveCfg = Debug|Any CPU
		{FE1D88F5-5C77-411B-8DE0-810A57D20951}.Debug|x64.Build.0 = Debug|Any CPU
		{FE1D88F5-5C77-411B-8DE0-810A57D20951}.Debug|x86.ActiveCfg = Debug|Any CPU
		{FE1D88F5-5C77-411B-8DE0-810A57D20951}.Debug|x86.Build.0 = Debug|Any CPU
		{FE1D88F5-5C77-411B-8DE0-810A57D20951}.Release|Any CPU.ActiveCfg = Release|Any CPU
		{FE1D88F5-5C77-411B-8DE0-810A57D20951}.Release|Any CPU.Build.0 = Release|Any CPU
		{FE1D88F5-5C77-411B-8DE0-810A57D20951}.Release|x64.ActiveCfg = Release|Any CPU
		{FE1D88F5-5C77-411B-8DE0-810A57D20951}.Release|x64.Build.0 = Release|Any CPU
		{FE1D88F5-5C77-411B-8DE0-810A57D20951}.Release|x86.ActiveCfg = Release|Any CPU
		{FE1D88F5-5C77-411B-8DE0-810A57D20951}.Release|x86.Build.0 = Release|Any CPU
		{2ADBECFB-B76B-4648-9AB9-ACFD36B836DC}.Debug|Any CPU.ActiveCfg = Debug|Any CPU
		{2ADBECFB-B76B-4648-9AB9-ACFD36B836DC}.Debug|Any CPU.Build.0 = Debug|Any CPU
		{2ADBECFB-B76B-4648-9AB9-ACFD36B836DC}.Debug|x64.ActiveCfg = Debug|Any CPU
		{2ADBECFB-B76B-4648-9AB9-ACFD36B836DC}.Debug|x64.Build.0 = Debug|Any CPU
		{2ADBECFB-B76B-4648-9AB9-ACFD36B836DC}.Debug|x86.ActiveCfg = Debug|Any CPU
		{2ADBECFB-B76B-4648-9AB9-ACFD36B836DC}.Debug|x86.Build.0 = Debug|Any CPU
		{2ADBECFB-B76B-4648-9AB9-ACFD36B836DC}.Release|Any CPU.ActiveCfg = Release|Any CPU
		{2ADBECFB-B76B-4648-9AB9-ACFD36B836DC}.Release|Any CPU.Build.0 = Release|Any CPU
		{2ADBECFB-B76B-4648-9AB9-ACFD36B836DC}.Release|x64.ActiveCfg = Release|Any CPU
		{2ADBECFB-B76B-4648-9AB9-ACFD36B836DC}.Release|x64.Build.0 = Release|Any CPU
		{2ADBECFB-B76B-4648-9AB9-ACFD36B836DC}.Release|x86.ActiveCfg = Release|Any CPU
		{2ADBECFB-B76B-4648-9AB9-ACFD36B836DC}.Release|x86.Build.0 = Release|Any CPU
		{C64EA49D-606F-425D-9865-9E6A8B8E6B7F}.Debug|Any CPU.ActiveCfg = Debug|Any CPU
		{C64EA49D-606F-425D-9865-9E6A8B8E6B7F}.Debug|Any CPU.Build.0 = Debug|Any CPU
		{C64EA49D-606F-425D-9865-9E6A8B8E6B7F}.Debug|x64.ActiveCfg = Debug|Any CPU
		{C64EA49D-606F-425D-9865-9E6A8B8E6B7F}.Debug|x64.Build.0 = Debug|Any CPU
		{C64EA49D-606F-425D-9865-9E6A8B8E6B7F}.Debug|x86.ActiveCfg = Debug|Any CPU
		{C64EA49D-606F-425D-9865-9E6A8B8E6B7F}.Debug|x86.Build.0 = Debug|Any CPU
		{C64EA49D-606F-425D-9865-9E6A8B8E6B7F}.Release|Any CPU.ActiveCfg = Release|Any CPU
		{C64EA49D-606F-425D-9865-9E6A8B8E6B7F}.Release|Any CPU.Build.0 = Release|Any CPU
		{C64EA49D-606F-425D-9865-9E6A8B8E6B7F}.Release|x64.ActiveCfg = Release|Any CPU
		{C64EA49D-606F-425D-9865-9E6A8B8E6B7F}.Release|x64.Build.0 = Release|Any CPU
		{C64EA49D-606F-425D-9865-9E6A8B8E6B7F}.Release|x86.ActiveCfg = Release|Any CPU
		{C64EA49D-606F-425D-9865-9E6A8B8E6B7F}.Release|x86.Build.0 = Release|Any CPU
	EndGlobalSection
	GlobalSection(SolutionProperties) = preSolution
		HideSolutionNode = FALSE
	EndGlobalSection
	GlobalSection(NestedProjects) = preSolution
		{6FB84663-7775-457B-B7C0-3D51853E4004} = {827E0CD3-B72D-47B6-A68D-7590B98EB39B}
		{1C6308AD-AC81-483F-8DC9-F25047967479} = {827E0CD3-B72D-47B6-A68D-7590B98EB39B}
		{FF603892-E693-4156-8701-E5524259B9D8} = {827E0CD3-B72D-47B6-A68D-7590B98EB39B}
		{4E5ADF23-CF6E-4405-8BEB-D8950A68A63B} = {827E0CD3-B72D-47B6-A68D-7590B98EB39B}
		{FE1D88F5-5C77-411B-8DE0-810A57D20951} = {0AB3BF05-4346-4AA6-1389-037BE0695223}
		{2ADBECFB-B76B-4648-9AB9-ACFD36B836DC} = {0AB3BF05-4346-4AA6-1389-037BE0695223}
		{C64EA49D-606F-425D-9865-9E6A8B8E6B7F} = {0AB3BF05-4346-4AA6-1389-037BE0695223}
	EndGlobalSection
EndGlobal
